// !$*UTF8*$!
{
	archiveVersion = 1;
	classes = {
	};
	objectVersion = 46;
	objects = {

/* Begin PBXBuildFile section */
		10B078C4180CD366000A06CB /* Foundation.framework in Frameworks */ = {isa = PBXBuildFile; fileRef = 10B078C3180CD366000A06CB /* Foundation.framework */; };
		10B078C6180CD366000A06CB /* CoreGraphics.framework in Frameworks */ = {isa = PBXBuildFile; fileRef = 10B078C5180CD366000A06CB /* CoreGraphics.framework */; };
		10B078C8180CD366000A06CB /* UIKit.framework in Frameworks */ = {isa = PBXBuildFile; fileRef = 10B078C7180CD366000A06CB /* UIKit.framework */; };
		10B078CA180CD366000A06CB /* CoreData.framework in Frameworks */ = {isa = PBXBuildFile; fileRef = 10B078C9180CD366000A06CB /* CoreData.framework */; };
		10B078D0180CD366000A06CB /* InfoPlist.strings in Resources */ = {isa = PBXBuildFile; fileRef = 10B078CE180CD366000A06CB /* InfoPlist.strings */; };
		10B078D2180CD366000A06CB /* main.m in Sources */ = {isa = PBXBuildFile; fileRef = 10B078D1180CD366000A06CB /* main.m */; };
		10B078D6180CD366000A06CB /* OPAppDelegate.m in Sources */ = {isa = PBXBuildFile; fileRef = 10B078D5180CD366000A06CB /* OPAppDelegate.m */; };
		10B078D9180CD366000A06CB /* Pedestrianism.xcdatamodeld in Sources */ = {isa = PBXBuildFile; fileRef = 10B078D7180CD366000A06CB /* Pedestrianism.xcdatamodeld */; };
		10B078DB180CD366000A06CB /* Images.xcassets in Resources */ = {isa = PBXBuildFile; fileRef = 10B078DA180CD366000A06CB /* Images.xcassets */; };
		10B078E2180CD366000A06CB /* XCTest.framework in Frameworks */ = {isa = PBXBuildFile; fileRef = 10B078E1180CD366000A06CB /* XCTest.framework */; };
		10B078E3180CD366000A06CB /* Foundation.framework in Frameworks */ = {isa = PBXBuildFile; fileRef = 10B078C3180CD366000A06CB /* Foundation.framework */; };
		10B078E4180CD366000A06CB /* UIKit.framework in Frameworks */ = {isa = PBXBuildFile; fileRef = 10B078C7180CD366000A06CB /* UIKit.framework */; };
		10B078E5180CD366000A06CB /* CoreData.framework in Frameworks */ = {isa = PBXBuildFile; fileRef = 10B078C9180CD366000A06CB /* CoreData.framework */; };
		10B078ED180CD366000A06CB /* InfoPlist.strings in Resources */ = {isa = PBXBuildFile; fileRef = 10B078EB180CD366000A06CB /* InfoPlist.strings */; };
		10B078EF180CD366000A06CB /* PedestrianismTests.m in Sources */ = {isa = PBXBuildFile; fileRef = 10B078EE180CD366000A06CB /* PedestrianismTests.m */; };
/* End PBXBuildFile section */

/* Begin PBXContainerItemProxy section */
		10B078E6180CD366000A06CB /* PBXContainerItemProxy */ = {
			isa = PBXContainerItemProxy;
			containerPortal = 10B078B8180CD366000A06CB /* Project object */;
			proxyType = 1;
			remoteGlobalIDString = 10B078BF180CD366000A06CB;
			remoteInfo = Pedestrianism;
		};
/* End PBXContainerItemProxy section */

/* Begin PBXFileReference section */
		10B078C0180CD366000A06CB /* Pedestrianism.app */ = {isa = PBXFileReference; explicitFileType = wrapper.application; includeInIndex = 0; path = Pedestrianism.app; sourceTree = BUILT_PRODUCTS_DIR; };
		10B078C3180CD366000A06CB /* Foundation.framework */ = {isa = PBXFileReference; lastKnownFileType = wrapper.framework; name = Foundation.framework; path = System/Library/Frameworks/Foundation.framework; sourceTree = SDKROOT; };
		10B078C5180CD366000A06CB /* CoreGraphics.framework */ = {isa = PBXFileReference; lastKnownFileType = wrapper.framework; name = CoreGraphics.framework; path = System/Library/Frameworks/CoreGraphics.framework; sourceTree = SDKROOT; };
		10B078C7180CD366000A06CB /* UIKit.framework */ = {isa = PBXFileReference; lastKnownFileType = wrapper.framework; name = UIKit.framework; path = System/Library/Frameworks/UIKit.framework; sourceTree = SDKROOT; };
		10B078C9180CD366000A06CB /* CoreData.framework */ = {isa = PBXFileReference; lastKnownFileType = wrapper.framework; name = CoreData.framework; path = System/Library/Frameworks/CoreData.framework; sourceTree = SDKROOT; };
		10B078CD180CD366000A06CB /* Pedestrianism-Info.plist */ = {isa = PBXFileReference; lastKnownFileType = text.plist.xml; path = "Pedestrianism-Info.plist"; sourceTree = "<group>"; };
		10B078CF180CD366000A06CB /* en */ = {isa = PBXFileReference; lastKnownFileType = text.plist.strings; name = en; path = en.lproj/InfoPlist.strings; sourceTree = "<group>"; };
		10B078D1180CD366000A06CB /* main.m */ = {isa = PBXFileReference; lastKnownFileType = sourcecode.c.objc; path = main.m; sourceTree = "<group>"; };
		10B078D3180CD366000A06CB /* Pedestrianism-Prefix.pch */ = {isa = PBXFileReference; lastKnownFileType = sourcecode.c.h; path = "Pedestrianism-Prefix.pch"; sourceTree = "<group>"; };
		10B078D4180CD366000A06CB /* OPAppDelegate.h */ = {isa = PBXFileReference; lastKnownFileType = sourcecode.c.h; path = OPAppDelegate.h; sourceTree = "<group>"; };
		10B078D5180CD366000A06CB /* OPAppDelegate.m */ = {isa = PBXFileReference; lastKnownFileType = sourcecode.c.objc; path = OPAppDelegate.m; sourceTree = "<group>"; };
		10B078D8180CD366000A06CB /* Pedestrianism.xcdatamodel */ = {isa = PBXFileReference; lastKnownFileType = wrapper.xcdatamodel; path = Pedestrianism.xcdatamodel; sourceTree = "<group>"; };
		10B078DA180CD366000A06CB /* Images.xcassets */ = {isa = PBXFileReference; lastKnownFileType = folder.assetcatalog; path = Images.xcassets; sourceTree = "<group>"; };
		10B078E0180CD366000A06CB /* PedestrianismTests.xctest */ = {isa = PBXFileReference; explicitFileType = wrapper.cfbundle; includeInIndex = 0; path = PedestrianismTests.xctest; sourceTree = BUILT_PRODUCTS_DIR; };
		10B078E1180CD366000A06CB /* XCTest.framework */ = {isa = PBXFileReference; lastKnownFileType = wrapper.framework; name = XCTest.framework; path = Library/Frameworks/XCTest.framework; sourceTree = DEVELOPER_DIR; };
		10B078EA180CD366000A06CB /* PedestrianismTests-Info.plist */ = {isa = PBXFileReference; lastKnownFileType = text.plist.xml; path = "PedestrianismTests-Info.plist"; sourceTree = "<group>"; };
		10B078EC180CD366000A06CB /* en */ = {isa = PBXFileReference; lastKnownFileType = text.plist.strings; name = en; path = en.lproj/InfoPlist.strings; sourceTree = "<group>"; };
		10B078EE180CD366000A06CB /* PedestrianismTests.m */ = {isa = PBXFileReference; lastKnownFileType = sourcecode.c.objc; path = PedestrianismTests.m; sourceTree = "<group>"; };
/* End PBXFileReference section */

/* Begin PBXFrameworksBuildPhase section */
		10B078BD180CD366000A06CB /* Frameworks */ = {
			isa = PBXFrameworksBuildPhase;
			buildActionMask = 2147483647;
			files = (
				10B078C6180CD366000A06CB /* CoreGraphics.framework in Frameworks */,
				10B078CA180CD366000A06CB /* CoreData.framework in Frameworks */,
				10B078C8180CD366000A06CB /* UIKit.framework in Frameworks */,
				10B078C4180CD366000A06CB /* Foundation.framework in Frameworks */,
			);
			runOnlyForDeploymentPostprocessing = 0;
		};
		10B078DD180CD366000A06CB /* Frameworks */ = {
			isa = PBXFrameworksBuildPhase;
			buildActionMask = 2147483647;
			files = (
				10B078E2180CD366000A06CB /* XCTest.framework in Frameworks */,
				10B078E5180CD366000A06CB /* CoreData.framework in Frameworks */,
				10B078E4180CD366000A06CB /* UIKit.framework in Frameworks */,
				10B078E3180CD366000A06CB /* Foundation.framework in Frameworks */,
			);
			runOnlyForDeploymentPostprocessing = 0;
		};
/* End PBXFrameworksBuildPhase section */

/* Begin PBXGroup section */
		10B078B7180CD366000A06CB = {
			isa = PBXGroup;
			children = (
				10B078CB180CD366000A06CB /* Pedestrianism */,
				10B078E8180CD366000A06CB /* PedestrianismTests */,
				10B078C2180CD366000A06CB /* Frameworks */,
				10B078C1180CD366000A06CB /* Products */,
			);
			sourceTree = "<group>";
		};
		10B078C1180CD366000A06CB /* Products */ = {
			isa = PBXGroup;
			children = (
				10B078C0180CD366000A06CB /* Pedestrianism.app */,
				10B078E0180CD366000A06CB /* PedestrianismTests.xctest */,
			);
			name = Products;
			sourceTree = "<group>";
		};
		10B078C2180CD366000A06CB /* Frameworks */ = {
			isa = PBXGroup;
			children = (
				10B078C3180CD366000A06CB /* Foundation.framework */,
				10B078C5180CD366000A06CB /* CoreGraphics.framework */,
				10B078C7180CD366000A06CB /* UIKit.framework */,
				10B078C9180CD366000A06CB /* CoreData.framework */,
				10B078E1180CD366000A06CB /* XCTest.framework */,
			);
			name = Frameworks;
			sourceTree = "<group>";
		};
		10B078CB180CD366000A06CB /* Pedestrianism */ = {
			isa = PBXGroup;
			children = (
				10B078D4180CD366000A06CB /* OPAppDelegate.h */,
				10B078D5180CD366000A06CB /* OPAppDelegate.m */,
				10B078DA180CD366000A06CB /* Images.xcassets */,
				10B078D7180CD366000A06CB /* Pedestrianism.xcdatamodeld */,
				10B078CC180CD366000A06CB /* Supporting Files */,
			);
			path = Pedestrianism;
			sourceTree = "<group>";
		};
		10B078CC180CD366000A06CB /* Supporting Files */ = {
			isa = PBXGroup;
			children = (
				10B078CD180CD366000A06CB /* Pedestrianism-Info.plist */,
				10B078CE180CD366000A06CB /* InfoPlist.strings */,
				10B078D1180CD366000A06CB /* main.m */,
				10B078D3180CD366000A06CB /* Pedestrianism-Prefix.pch */,
			);
			name = "Supporting Files";
			sourceTree = "<group>";
		};
		10B078E8180CD366000A06CB /* PedestrianismTests */ = {
			isa = PBXGroup;
			children = (
				10B078EE180CD366000A06CB /* PedestrianismTests.m */,
				10B078E9180CD366000A06CB /* Supporting Files */,
			);
			path = PedestrianismTests;
			sourceTree = "<group>";
		};
		10B078E9180CD366000A06CB /* Supporting Files */ = {
			isa = PBXGroup;
			children = (
				10B078EA180CD366000A06CB /* PedestrianismTests-Info.plist */,
				10B078EB180CD366000A06CB /* InfoPlist.strings */,
			);
			name = "Supporting Files";
			sourceTree = "<group>";
		};
/* End PBXGroup section */

/* Begin PBXNativeTarget section */
		10B078BF180CD366000A06CB /* Pedestrianism */ = {
			isa = PBXNativeTarget;
			buildConfigurationList = 10B078F2180CD366000A06CB /* Build configuration list for PBXNativeTarget "Pedestrianism" */;
			buildPhases = (
				10B078BC180CD366000A06CB /* Sources */,
				10B078BD180CD366000A06CB /* Frameworks */,
				10B078BE180CD366000A06CB /* Resources */,
			);
			buildRules = (
			);
			dependencies = (
			);
			name = Pedestrianism;
			productName = Pedestrianism;
			productReference = 10B078C0180CD366000A06CB /* Pedestrianism.app */;
			productType = "com.apple.product-type.application";
		};
		10B078DF180CD366000A06CB /* PedestrianismTests */ = {
			isa = PBXNativeTarget;
			buildConfigurationList = 10B078F5180CD366000A06CB /* Build configuration list for PBXNativeTarget "PedestrianismTests" */;
			buildPhases = (
				10B078DC180CD366000A06CB /* Sources */,
				10B078DD180CD366000A06CB /* Frameworks */,
				10B078DE180CD366000A06CB /* Resources */,
			);
			buildRules = (
			);
			dependencies = (
				10B078E7180CD366000A06CB /* PBXTargetDependency */,
			);
			name = PedestrianismTests;
			productName = PedestrianismTests;
			productReference = 10B078E0180CD366000A06CB /* PedestrianismTests.xctest */;
			productType = "com.apple.product-type.bundle.unit-test";
		};
/* End PBXNativeTarget section */

/* Begin PBXProject section */
		10B078B8180CD366000A06CB /* Project object */ = {
			isa = PBXProject;
			attributes = {
				CLASSPREFIX = OP;
				LastUpgradeCheck = 0500;
				ORGANIZATIONNAME = First;
				TargetAttributes = {
					10B078DF180CD366000A06CB = {
						TestTargetID = 10B078BF180CD366000A06CB;
					};
				};
			};
			buildConfigurationList = 10B078BB180CD366000A06CB /* Build configuration list for PBXProject "Pedestrianism" */;
			compatibilityVersion = "Xcode 3.2";
			developmentRegion = English;
			hasScannedForEncodings = 0;
			knownRegions = (
				en,
			);
			mainGroup = 10B078B7180CD366000A06CB;
			productRefGroup = 10B078C1180CD366000A06CB /* Products */;
			projectDirPath = "";
			projectRoot = "";
			targets = (
				10B078BF180CD366000A06CB /* Pedestrianism */,
				10B078DF180CD366000A06CB /* PedestrianismTests */,
			);
		};
/* End PBXProject section */

/* Begin PBXResourcesBuildPhase section */
		10B078BE180CD366000A06CB /* Resources */ = {
			isa = PBXResourcesBuildPhase;
			buildActionMask = 2147483647;
			files = (
				10B078D0180CD366000A06CB /* InfoPlist.strings in Resources */,
				10B078DB180CD366000A06CB /* Images.xcassets in Resources */,
			);
			runOnlyForDeploymentPostprocessing = 0;
		};
		10B078DE180CD366000A06CB /* Resources */ = {
			isa = PBXResourcesBuildPhase;
			buildActionMask = 2147483647;
			files = (
				10B078ED180CD366000A06CB /* InfoPlist.strings in Resources */,
			);
			runOnlyForDeploymentPostprocessing = 0;
		};
/* End PBXResourcesBuildPhase section */

/* Begin PBXSourcesBuildPhase section */
		10B078BC180CD366000A06CB /* Sources */ = {
			isa = PBXSourcesBuildPhase;
			buildActionMask = 2147483647;
			files = (
				10B078D2180CD366000A06CB /* main.m in Sources */,
				10B078D6180CD366000A06CB /* OPAppDelegate.m in Sources */,
				10B078D9180CD366000A06CB /* Pedestrianism.xcdatamodeld in Sources */,
			);
			runOnlyForDeploymentPostprocessing = 0;
		};
		10B078DC180CD366000A06CB /* Sources */ = {
			isa = PBXSourcesBuildPhase;
			buildActionMask = 2147483647;
			files = (
				10B078EF180CD366000A06CB /* PedestrianismTests.m in Sources */,
			);
			runOnlyForDeploymentPostprocessing = 0;
		};
/* End PBXSourcesBuildPhase section */

/* Begin PBXTargetDependency section */
		10B078E7180CD366000A06CB /* PBXTargetDependency */ = {
			isa = PBXTargetDependency;
			target = 10B078BF180CD366000A06CB /* Pedestrianism */;
			targetProxy = 10B078E6180CD366000A06CB /* PBXContainerItemProxy */;
		};
/* End PBXTargetDependency section */

/* Begin PBXVariantGroup section */
		10B078CE180CD366000A06CB /* InfoPlist.strings */ = {
			isa = PBXVariantGroup;
			children = (
				10B078CF180CD366000A06CB /* en */,
			);
			name = InfoPlist.strings;
			sourceTree = "<group>";
		};
		10B078EB180CD366000A06CB /* InfoPlist.strings */ = {
			isa = PBXVariantGroup;
			children = (
				10B078EC180CD366000A06CB /* en */,
			);
			name = InfoPlist.strings;
			sourceTree = "<group>";
		};
/* End PBXVariantGroup section */

/* Begin XCBuildConfiguration section */
		10B078F0180CD366000A06CB /* Debug */ = {
			isa = XCBuildConfiguration;
			buildSettings = {
				ALWAYS_SEARCH_USER_PATHS = NO;
				ARCHS = "$(ARCHS_STANDARD_INCLUDING_64_BIT)";
				CLANG_CXX_LANGUAGE_STANDARD = "gnu++0x";
				CLANG_CXX_LIBRARY = "libc++";
				CLANG_ENABLE_MODULES = YES;
				CLANG_ENABLE_OBJC_ARC = YES;
				CLANG_WARN_BOOL_CONVERSION = YES;
				CLANG_WARN_CONSTANT_CONVERSION = YES;
				CLANG_WARN_DIRECT_OBJC_ISA_USAGE = YES_ERROR;
				CLANG_WARN_EMPTY_BODY = YES;
				CLANG_WARN_ENUM_CONVERSION = YES;
				CLANG_WARN_INT_CONVERSION = YES;
				CLANG_WARN_OBJC_ROOT_CLASS = YES_ERROR;
				CLANG_WARN__DUPLICATE_METHOD_MATCH = YES;
				"CODE_SIGN_IDENTITY[sdk=iphoneos*]" = "iPhone Developer";
				COPY_PHASE_STRIP = NO;
				GCC_C_LANGUAGE_STANDARD = gnu99;
				GCC_DYNAMIC_NO_PIC = NO;
				GCC_OPTIMIZATION_LEVEL = 0;
				GCC_PREPROCESSOR_DEFINITIONS = (
					"DEBUG=1",
					"$(inherited)",
				);
				GCC_SYMBOLS_PRIVATE_EXTERN = NO;
				GCC_WARN_64_TO_32_BIT_CONVERSION = YES;
				GCC_WARN_ABOUT_RETURN_TYPE = YES_ERROR;
				GCC_WARN_UNDECLARED_SELECTOR = YES;
				GCC_WARN_UNINITIALIZED_AUTOS = YES;
				GCC_WARN_UNUSED_FUNCTION = YES;
				GCC_WARN_UNUSED_VARIABLE = YES;
				IPHONEOS_DEPLOYMENT_TARGET = 7.0;
				ONLY_ACTIVE_ARCH = YES;
				SDKROOT = iphoneos;
			};
			name = Debug;
		};
		10B078F1180CD366000A06CB /* Release */ = {
			isa = XCBuildConfiguration;
			buildSettings = {
				ALWAYS_SEARCH_USER_PATHS = NO;
				ARCHS = "$(ARCHS_STANDARD_INCLUDING_64_BIT)";
				CLANG_CXX_LANGUAGE_STANDARD = "gnu++0x";
				CLANG_CXX_LIBRARY = "libc++";
				CLANG_ENABLE_MODULES = YES;
				CLANG_ENABLE_OBJC_ARC = YES;
				CLANG_WARN_BOOL_CONVERSION = YES;
				CLANG_WARN_CONSTANT_CONVERSION = YES;
				CLANG_WARN_DIRECT_OBJC_ISA_USAGE = YES_ERROR;
				CLANG_WARN_EMPTY_BODY = YES;
				CLANG_WARN_ENUM_CONVERSION = YES;
				CLANG_WARN_INT_CONVERSION = YES;
				CLANG_WARN_OBJC_ROOT_CLASS = YES_ERROR;
				CLANG_WARN__DUPLICATE_METHOD_MATCH = YES;
				"CODE_SIGN_IDENTITY[sdk=iphoneos*]" = "iPhone Developer";
				COPY_PHASE_STRIP = YES;
				ENABLE_NS_ASSERTIONS = NO;
				GCC_C_LANGUAGE_STANDARD = gnu99;
				GCC_WARN_64_TO_32_BIT_CONVERSION = YES;
				GCC_WARN_ABOUT_RETURN_TYPE = YES_ERROR;
				GCC_WARN_UNDECLARED_SELECTOR = YES;
				GCC_WARN_UNINITIALIZED_AUTOS = YES;
				GCC_WARN_UNUSED_FUNCTION = YES;
				GCC_WARN_UNUSED_VARIABLE = YES;
				IPHONEOS_DEPLOYMENT_TARGET = 7.0;
				SDKROOT = iphoneos;
				VALIDATE_PRODUCT = YES;
			};
			name = Release;
		};
		10B078F3180CD366000A06CB /* Debug */ = {
			isa = XCBuildConfiguration;
			buildSettings = {
				ASSETCATALOG_COMPILER_APPICON_NAME = AppIcon;
				ASSETCATALOG_COMPILER_LAUNCHIMAGE_NAME = LaunchImage;
				GCC_PRECOMPILE_PREFIX_HEADER = YES;
				GCC_PREFIX_HEADER = "Pedestrianism/Pedestrianism-Prefix.pch";
				INFOPLIST_FILE = "Pedestrianism/Pedestrianism-Info.plist";
				PRODUCT_NAME = "$(TARGET_NAME)";
				WRAPPER_EXTENSION = app;
			};
			name = Debug;
		};
		10B078F4180CD366000A06CB /* Release */ = {
			isa = XCBuildConfiguration;
			buildSettings = {
				ASSETCATALOG_COMPILER_APPICON_NAME = AppIcon;
				ASSETCATALOG_COMPILER_LAUNCHIMAGE_NAME = LaunchImage;
				GCC_PRECOMPILE_PREFIX_HEADER = YES;
				GCC_PREFIX_HEADER = "Pedestrianism/Pedestrianism-Prefix.pch";
				INFOPLIST_FILE = "Pedestrianism/Pedestrianism-Info.plist";
				PRODUCT_NAME = "$(TARGET_NAME)";
				WRAPPER_EXTENSION = app;
			};
			name = Release;
		};
		10B078F6180CD366000A06CB /* Debug */ = {
			isa = XCBuildConfiguration;
			buildSettings = {
				ARCHS = "$(ARCHS_STANDARD_INCLUDING_64_BIT)";
				BUNDLE_LOADER = "$(BUILT_PRODUCTS_DIR)/Pedestrianism.app/Pedestrianism";
				FRAMEWORK_SEARCH_PATHS = (
					"$(SDKROOT)/Developer/Library/Frameworks",
					"$(inherited)",
					"$(DEVELOPER_FRAMEWORKS_DIR)",
				);
				GCC_PRECOMPILE_PREFIX_HEADER = YES;
				GCC_PREFIX_HEADER = "Pedestrianism/Pedestrianism-Prefix.pch";
				GCC_PREPROCESSOR_DEFINITIONS = (
					"DEBUG=1",
					"$(inherited)",
				);
				INFOPLIST_FILE = "PedestrianismTests/PedestrianismTests-Info.plist";
				PRODUCT_NAME = "$(TARGET_NAME)";
				TEST_HOST = "$(BUNDLE_LOADER)";
				WRAPPER_EXTENSION = xctest;
			};
			name = Debug;
		};
		10B078F7180CD366000A06CB /* Release */ = {
			isa = XCBuildConfiguration;
			buildSettings = {
				ARCHS = "$(ARCHS_STANDARD_INCLUDING_64_BIT)";
				BUNDLE_LOADER = "$(BUILT_PRODUCTS_DIR)/Pedestrianism.app/Pedestrianism";
				FRAMEWORK_SEARCH_PATHS = (
					"$(SDKROOT)/Developer/Library/Frameworks",
					"$(inherited)",
					"$(DEVELOPER_FRAMEWORKS_DIR)",
				);
				GCC_PRECOMPILE_PREFIX_HEADER = YES;
				GCC_PREFIX_HEADER = "Pedestrianism/Pedestrianism-Prefix.pch";
				INFOPLIST_FILE = "PedestrianismTests/PedestrianismTests-Info.plist";
				PRODUCT_NAME = "$(TARGET_NAME)";
				TEST_HOST = "$(BUNDLE_LOADER)";
				WRAPPER_EXTENSION = xctest;
			};
			name = Release;
		};
/* End XCBuildConfiguration section */

/* Begin XCConfigurationList section */
		10B078BB180CD366000A06CB /* Build configuration list for PBXProject "Pedestrianism" */ = {
			isa = XCConfigurationList;
			buildConfigurations = (
				10B078F0180CD366000A06CB /* Debug */,
				10B078F1180CD366000A06CB /* Release */,
			);
			defaultConfigurationIsVisible = 0;
			defaultConfigurationName = Release;
		};
		10B078F2180CD366000A06CB /* Build configuration list for PBXNativeTarget "Pedestrianism" */ = {
			isa = XCConfigurationList;
			buildConfigurations = (
				10B078F3180CD366000A06CB /* Debug */,
				10B078F4180CD366000A06CB /* Release */,
			);
			defaultConfigurationIsVisible = 0;
		};
		10B078F5180CD366000A06CB /* Build configuration list for PBXNativeTarget "PedestrianismTests" */ = {
			isa = XCConfigurationList;
			buildConfigurations = (
				10B078F6180CD366000A06CB /* Debug */,
				10B078F7180CD366000A06CB /* Release */,
			);
			defaultConfigurationIsVisible = 0;
		};
/* End XCConfigurationList section */

/* Begin XCVersionGroup section */
		10B078D7180CD366000A06CB /* Pedestrianism.xcdatamodeld */ = {
			isa = XCVersionGroup;
			children = (
				10B078D8180CD366000A06CB /* Pedestrianism.xcdatamodel */,
			);
			currentVersion = 10B078D8180CD366000A06CB /* Pedestrianism.xcdatamodel */;
			path = Pedestrianism.xcdatamodeld;
			sourceTree = "<group>";
			versionGroupType = wrapper.xcdatamodel;
		};
/* End XCVersionGroup section */
	};
	rootObject = 10B078B8180CD366000A06CB /* Project object */;
}
